
Microsoft Visual Studio Solution File, Format Version 12.00
# Visual Studio Version 16
VisualStudioVersion = 16.0.30517.126
MinimumVisualStudioVersion = 10.0.40219.1
Project("{FAE04EC0-301F-11D3-BF4B-00C04F79EFBC}") = "RemnantMultipurposeManager", "RemnantMultipurposeManager.csproj", "{BEED9BAF-DEA0-4425-99C0-47CD1AB877CC}"
EndProject
Global
	GlobalSection(SolutionConfigurationPlatforms) = preSolution
		Debug|Any CPU = Debug|Any CPU
		Release|Any CPU = Release|Any CPU
	EndGlobalSection
	GlobalSection(ProjectConfigurationPlatforms) = postSolution
		{BEED9BAF-DEA0-4425-99C0-47CD1AB877CC}.Debug|Any CPU.ActiveCfg = Debug|Any CPU
		{BEED9BAF-DEA0-4425-99C0-47CD1AB877CC}.Debug|Any CPU.Build.0 = Debug|Any CPU
		{BEED9BAF-DEA0-4425-99C0-47CD1AB877CC}.Release|Any CPU.ActiveCfg = Release|Any CPU
		{BEED9BAF-DEA0-4425-99C0-47CD1AB877CC}.Release|Any CPU.Build.0 = Release|Any CPU
	EndGlobalSection
	GlobalSection(SolutionProperties) = preSolution
		HideSolutionNode = FALSE
	EndGlobalSection
	GlobalSection(ExtensibilityGlobals) = postSolution
		SolutionGuid = {F7FFBC8A-7936-48F2-9EF6-EFBD3F0873EB}
	EndGlobalSection
EndGlobal
